<?xml version="1.0" encoding="utf-8"?>
<Project ToolsVersion="4.0" xmlns="http://schemas.microsoft.com/developer/msbuild/2003">
  <ItemGroup>
    <Filter Include="cmdparse">
      <UniqueIdentifier>{12bc9073-33b5-490b-a41e-b007300b2186}</UniqueIdentifier>
    </Filter>
    <Filter Include="cmdparse\server">
      <UniqueIdentifier>{b88bb687-84dc-4b98-a5d1-341276002496}</UniqueIdentifier>
    </Filter>
    <Filter Include="entity">
      <UniqueIdentifier>{0b349271-343d-4cb3-a382-250172067b42}</UniqueIdentifier>
    </Filter>
    <Filter Include="entity\common">
      <UniqueIdentifier>{6708ad2c-a6c8-4971-be53-becafc22773a}</UniqueIdentifier>
    </Filter>
    <Filter Include="bases">
      <UniqueIdentifier>{27f473f7-aa62-4867-a11e-ce83f40fd72a}</UniqueIdentifier>
    </Filter>
    <Filter Include="bases\common">
      <UniqueIdentifier>{264b6ccd-64bd-41a6-9db2-1381335564b4}</UniqueIdentifier>
    </Filter>
    <Filter Include="dbcomm">
      <UniqueIdentifier>{80618415-7bd7-4784-b75e-d812873bd39c}</UniqueIdentifier>
    </Filter>
  </ItemGroup>
  <ItemGroup>
    <ClCompile Include="..\MapServer\cmdparse\test\autoCommands_test.cpp">
      <Filter>cmdparse\server</Filter>
    </ClCompile>
    <ClCompile Include="..\Common\entity\test\powers_test.cpp">
      <Filter>entity\common</Filter>
    </ClCompile>
    <ClCompile Include="..\Common\bases\test\DetailRecipe_test.cpp">
      <Filter>bases\common</Filter>
    </ClCompile>
    <ClCompile Include="..\MapServer\dbcomm\test\shardcomm_test.cpp">
      <Filter>dbcomm</Filter>
    </ClCompile>
    <ClCompile Include="..\unitTestCommon\unitTestMain.cpp" />
  </ItemGroup>
</Project>