Microsoft Visual Studio Solution File, Format Version 12.00
# Visual Studio Version 16
VisualStudioVersion = 16.0.28922.388
MinimumVisualStudioVersion = 10.0.40219.1
Project("{8BC9CEB8-8B4A-11D0-8D11-00A0C91BC942}") = "UtilitiesLib", "..\libs\UtilitiesLib\UtilitiesLib.vcxproj", "{A6741F6E-5476-4F9F-9D65-62B54AAF1D08}"
	ProjectSection(ProjectDependencies) = postProject
		{2D44B585-928F-4FFE-A3C8-6ACEBCB6409F} = {2D44B585-928F-4FFE-A3C8-6ACEBCB6409F}
	EndProjectSection
EndProject
Project("{8BC9CEB8-8B4A-11D0-8D11-00A0C91BC942}") = "ServerLib", "..\ServerLib\ServerLib.vcxproj", "{2F9D2A8B-E163-4D96-9058-0E81BAEC16CB}"
EndProject
Project("{8BC9CEB8-8B4A-11D0-8D11-00A0C91BC942}") = "glew_static", "..\3rdparty\glew\glew-1.5.7\build\vc6\glew_static.vcxproj", "{5121B709-ED48-469F-BAE0-F8FD57A4BD1F}"
EndProject
Project("{8BC9CEB8-8B4A-11D0-8D11-00A0C91BC942}") = "Accountserver_test", "..\Accountserver_test\Accountserver_test.vcxproj", "{EDCF1219-4EFF-4264-805E-8AB5D7C68E49}"
	ProjectSection(ProjectDependencies) = postProject
		{A4B81847-B9B2-4766-A203-F28567E053CF} = {A4B81847-B9B2-4766-A203-F28567E053CF}
		{745DEC58-EBB3-47A9-A9B8-4C6627C01BF8} = {745DEC58-EBB3-47A9-A9B8-4C6627C01BF8}
	EndProjectSection
EndProject
Project("{8BC9CEB8-8B4A-11D0-8D11-00A0C91BC942}") = "dbserver_test", "..\dbserver_test\dbserver_test.vcxproj", "{BA49774B-83A2-4E22-BEBB-B9317C77070E}"
EndProject
Project("{8BC9CEB8-8B4A-11D0-8D11-00A0C91BC942}") = "mapserver_test", "..\mapserver_test\mapserver_test.vcxproj", "{74241DF3-60F0-44DE-9575-7FA202C511B2}"
EndProject
Project("{8BC9CEB8-8B4A-11D0-8D11-00A0C91BC942}") = "UtilitiesLib_test", "..\UtilitiesLib_test\UtilitiesLib_test.vcxproj", "{1268EAD5-20C7-4864-A3CA-FDE8A22ACBC4}"
	ProjectSection(ProjectDependencies) = postProject
		{A4B81847-B9B2-4766-A203-F28567E053CF} = {A4B81847-B9B2-4766-A203-F28567E053CF}
		{745DEC58-EBB3-47A9-A9B8-4C6627C01BF8} = {745DEC58-EBB3-47A9-A9B8-4C6627C01BF8}
	EndProjectSection
EndProject
Project("{8BC9CEB8-8B4A-11D0-8D11-00A0C91BC942}") = "UnitTest++", "..\3rdparty\UnitTest++\UnitTest++.vcxproj", "{64A4FEFE-0461-4E95-8CC1-91EF5F57DBC6}"
EndProject
Project("{8BC9CEB8-8B4A-11D0-8D11-00A0C91BC942}") = "StructParser", "..\Utilities\StructParser\StructParser.vcxproj", "{2D44B585-928F-4FFE-A3C8-6ACEBCB6409F}"
EndProject
Project("{8BC9CEB8-8B4A-11D0-8D11-00A0C91BC942}") = "zlibstat", "..\3rdparty\zlibsrc\zlibstat.vcxproj", "{745DEC58-EBB3-47A9-A9B8-4C6627C01BF8}"
EndProject
Project("{8BC9CEB8-8B4A-11D0-8D11-00A0C91BC942}") = "cryptlib", "..\3rdparty\cryptopp\cryptlib.vcxproj", "{A4B81847-B9B2-4766-A203-F28567E053CF}"
EndProject
Global
	GlobalSection(SolutionConfigurationPlatforms) = preSolution
		Beaconizer|Win32 = Beaconizer|Win32
		Beaconizer|x64 = Beaconizer|x64
		Debug|Win32 = Debug|Win32
		Debug|x64 = Debug|x64
		Full Debug|Win32 = Full Debug|Win32
		Full Debug|x64 = Full Debug|x64
		Opt Debug|Win32 = Opt Debug|Win32
		Opt Debug|x64 = Opt Debug|x64
		Release|Win32 = Release|Win32
		Release|x64 = Release|x64
		TextClientDebug|Win32 = TextClientDebug|Win32
		TextClientDebug|x64 = TextClientDebug|x64
	EndGlobalSection
	GlobalSection(ProjectConfigurationPlatforms) = postSolution
		{A6741F6E-5476-4F9F-9D65-62B54AAF1D08}.Beaconizer|Win32.ActiveCfg = Opt Debug|Win32
		{A6741F6E-5476-4F9F-9D65-62B54AAF1D08}.Beaconizer|Win32.Build.0 = Opt Debug|Win32
		{A6741F6E-5476-4F9F-9D65-62B54AAF1D08}.Beaconizer|x64.ActiveCfg = Debug|x64
		{A6741F6E-5476-4F9F-9D65-62B54AAF1D08}.Debug|Win32.ActiveCfg = Debug|Win32
		{A6741F6E-5476-4F9F-9D65-62B54AAF1D08}.Debug|Win32.Build.0 = Debug|Win32
		{A6741F6E-5476-4F9F-9D65-62B54AAF1D08}.Debug|x64.ActiveCfg = Debug|x64
		{A6741F6E-5476-4F9F-9D65-62B54AAF1D08}.Debug|x64.Build.0 = Debug|x64
		{A6741F6E-5476-4F9F-9D65-62B54AAF1D08}.Full Debug|Win32.ActiveCfg = Full Debug|Win32
		{A6741F6E-5476-4F9F-9D65-62B54AAF1D08}.Full Debug|Win32.Build.0 = Full Debug|Win32
		{A6741F6E-5476-4F9F-9D65-62B54AAF1D08}.Full Debug|x64.ActiveCfg = Full Debug|x64
		{A6741F6E-5476-4F9F-9D65-62B54AAF1D08}.Full Debug|x64.Build.0 = Full Debug|x64
		{A6741F6E-5476-4F9F-9D65-62B54AAF1D08}.Opt Debug|Win32.ActiveCfg = Opt Debug|Win32
		{A6741F6E-5476-4F9F-9D65-62B54AAF1D08}.Opt Debug|Win32.Build.0 = Opt Debug|Win32
		{A6741F6E-5476-4F9F-9D65-62B54AAF1D08}.Opt Debug|x64.ActiveCfg = Opt Debug|x64
		{A6741F6E-5476-4F9F-9D65-62B54AAF1D08}.Opt Debug|x64.Build.0 = Opt Debug|x64
		{A6741F6E-5476-4F9F-9D65-62B54AAF1D08}.Release|Win32.ActiveCfg = Release|Win32
		{A6741F6E-5476-4F9F-9D65-62B54AAF1D08}.Release|Win32.Build.0 = Release|Win32
		{A6741F6E-5476-4F9F-9D65-62B54AAF1D08}.Release|x64.ActiveCfg = Release|x64
		{A6741F6E-5476-4F9F-9D65-62B54AAF1D08}.Release|x64.Build.0 = Release|x64
		{A6741F6E-5476-4F9F-9D65-62B54AAF1D08}.TextClientDebug|Win32.ActiveCfg = Debug|Win32
		{A6741F6E-5476-4F9F-9D65-62B54AAF1D08}.TextClientDebug|Win32.Build.0 = Debug|Win32
		{A6741F6E-5476-4F9F-9D65-62B54AAF1D08}.TextClientDebug|x64.ActiveCfg = Debug|x64
		{A6741F6E-5476-4F9F-9D65-62B54AAF1D08}.TextClientDebug|x64.Build.0 = Debug|x64
		{2F9D2A8B-E163-4D96-9058-0E81BAEC16CB}.Beaconizer|Win32.ActiveCfg = Opt Debug|Win32
		{2F9D2A8B-E163-4D96-9058-0E81BAEC16CB}.Beaconizer|x64.ActiveCfg = Debug|x64
		{2F9D2A8B-E163-4D96-9058-0E81BAEC16CB}.Debug|Win32.ActiveCfg = Debug|Win32
		{2F9D2A8B-E163-4D96-9058-0E81BAEC16CB}.Debug|Win32.Build.0 = Debug|Win32
		{2F9D2A8B-E163-4D96-9058-0E81BAEC16CB}.Debug|x64.ActiveCfg = Debug|x64
		{2F9D2A8B-E163-4D96-9058-0E81BAEC16CB}.Debug|x64.Build.0 = Debug|x64
		{2F9D2A8B-E163-4D96-9058-0E81BAEC16CB}.Full Debug|Win32.ActiveCfg = Full Debug|Win32
		{2F9D2A8B-E163-4D96-9058-0E81BAEC16CB}.Full Debug|Win32.Build.0 = Full Debug|Win32
		{2F9D2A8B-E163-4D96-9058-0E81BAEC16CB}.Full Debug|x64.ActiveCfg = Full Debug|x64
		{2F9D2A8B-E163-4D96-9058-0E81BAEC16CB}.Full Debug|x64.Build.0 = Full Debug|x64
		{2F9D2A8B-E163-4D96-9058-0E81BAEC16CB}.Opt Debug|Win32.ActiveCfg = Opt Debug|Win32
		{2F9D2A8B-E163-4D96-9058-0E81BAEC16CB}.Opt Debug|Win32.Build.0 = Opt Debug|Win32
		{2F9D2A8B-E163-4D96-9058-0E81BAEC16CB}.Opt Debug|x64.ActiveCfg = Opt Debug|x64
		{2F9D2A8B-E163-4D96-9058-0E81BAEC16CB}.Opt Debug|x64.Build.0 = Opt Debug|x64
		{2F9D2A8B-E163-4D96-9058-0E81BAEC16CB}.Release|Win32.ActiveCfg = Opt Debug|Win32
		{2F9D2A8B-E163-4D96-9058-0E81BAEC16CB}.Release|x64.ActiveCfg = Opt Debug|x64
		{2F9D2A8B-E163-4D96-9058-0E81BAEC16CB}.TextClientDebug|Win32.ActiveCfg = Debug|Win32
		{2F9D2A8B-E163-4D96-9058-0E81BAEC16CB}.TextClientDebug|Win32.Build.0 = Debug|Win32
		{2F9D2A8B-E163-4D96-9058-0E81BAEC16CB}.TextClientDebug|x64.ActiveCfg = Debug|x64
		{2F9D2A8B-E163-4D96-9058-0E81BAEC16CB}.TextClientDebug|x64.Build.0 = Debug|x64
		{5121B709-ED48-469F-BAE0-F8FD57A4BD1F}.Beaconizer|Win32.ActiveCfg = Release|Win32
		{5121B709-ED48-469F-BAE0-F8FD57A4BD1F}.Beaconizer|x64.ActiveCfg = Debug|Win32
		{5121B709-ED48-469F-BAE0-F8FD57A4BD1F}.Debug|Win32.ActiveCfg = Debug|Win32
		{5121B709-ED48-469F-BAE0-F8FD57A4BD1F}.Debug|Win32.Build.0 = Debug|Win32
		{5121B709-ED48-469F-BAE0-F8FD57A4BD1F}.Debug|x64.ActiveCfg = Debug|Win32
		{5121B709-ED48-469F-BAE0-F8FD57A4BD1F}.Full Debug|Win32.ActiveCfg = Debug|Win32
		{5121B709-ED48-469F-BAE0-F8FD57A4BD1F}.Full Debug|Win32.Build.0 = Debug|Win32
		{5121B709-ED48-469F-BAE0-F8FD57A4BD1F}.Full Debug|x64.ActiveCfg = Debug|Win32
		{5121B709-ED48-469F-BAE0-F8FD57A4BD1F}.Opt Debug|Win32.ActiveCfg = Release|Win32
		{5121B709-ED48-469F-BAE0-F8FD57A4BD1F}.Opt Debug|Win32.Build.0 = Release|Win32
		{5121B709-ED48-469F-BAE0-F8FD57A4BD1F}.Opt Debug|x64.ActiveCfg = Release|Win32
		{5121B709-ED48-469F-BAE0-F8FD57A4BD1F}.Release|Win32.ActiveCfg = Release|Win32
		{5121B709-ED48-469F-BAE0-F8FD57A4BD1F}.Release|Win32.Build.0 = Release|Win32
		{5121B709-ED48-469F-BAE0-F8FD57A4BD1F}.Release|x64.ActiveCfg = Release|Win32
		{5121B709-ED48-469F-BAE0-F8FD57A4BD1F}.TextClientDebug|Win32.ActiveCfg = Debug|Win32
		{5121B709-ED48-469F-BAE0-F8FD57A4BD1F}.TextClientDebug|Win32.Build.0 = Debug|Win32
		{5121B709-ED48-469F-BAE0-F8FD57A4BD1F}.TextClientDebug|x64.ActiveCfg = Debug|Win32
		{EDCF1219-4EFF-4264-805E-8AB5D7C68E49}.Beaconizer|Win32.ActiveCfg = Opt Debug|Win32
		{EDCF1219-4EFF-4264-805E-8AB5D7C68E49}.Beaconizer|x64.ActiveCfg = Debug|x64
		{EDCF1219-4EFF-4264-805E-8AB5D7C68E49}.Debug|Win32.ActiveCfg = Debug|Win32
		{EDCF1219-4EFF-4264-805E-8AB5D7C68E49}.Debug|Win32.Build.0 = Debug|Win32
		{EDCF1219-4EFF-4264-805E-8AB5D7C68E49}.Debug|x64.ActiveCfg = Debug|x64
		{EDCF1219-4EFF-4264-805E-8AB5D7C68E49}.Debug|x64.Build.0 = Debug|x64
		{EDCF1219-4EFF-4264-805E-8AB5D7C68E49}.Full Debug|Win32.ActiveCfg = Full Debug|Win32
		{EDCF1219-4EFF-4264-805E-8AB5D7C68E49}.Full Debug|Win32.Build.0 = Full Debug|Win32
		{EDCF1219-4EFF-4264-805E-8AB5D7C68E49}.Full Debug|x64.ActiveCfg = Full Debug|x64
		{EDCF1219-4EFF-4264-805E-8AB5D7C68E49}.Full Debug|x64.Build.0 = Full Debug|x64
		{EDCF1219-4EFF-4264-805E-8AB5D7C68E49}.Opt Debug|Win32.ActiveCfg = Opt Debug|Win32
		{EDCF1219-4EFF-4264-805E-8AB5D7C68E49}.Opt Debug|Win32.Build.0 = Opt Debug|Win32
		{EDCF1219-4EFF-4264-805E-8AB5D7C68E49}.Opt Debug|x64.ActiveCfg = Opt Debug|x64
		{EDCF1219-4EFF-4264-805E-8AB5D7C68E49}.Opt Debug|x64.Build.0 = Opt Debug|x64
		{EDCF1219-4EFF-4264-805E-8AB5D7C68E49}.Release|Win32.ActiveCfg = Opt Debug|Win32
		{EDCF1219-4EFF-4264-805E-8AB5D7C68E49}.Release|x64.ActiveCfg = Opt Debug|x64
		{EDCF1219-4EFF-4264-805E-8AB5D7C68E49}.TextClientDebug|Win32.ActiveCfg = Debug|Win32
		{EDCF1219-4EFF-4264-805E-8AB5D7C68E49}.TextClientDebug|Win32.Build.0 = Debug|Win32
		{EDCF1219-4EFF-4264-805E-8AB5D7C68E49}.TextClientDebug|x64.ActiveCfg = Debug|x64
		{EDCF1219-4EFF-4264-805E-8AB5D7C68E49}.TextClientDebug|x64.Build.0 = Debug|x64
		{BA49774B-83A2-4E22-BEBB-B9317C77070E}.Beaconizer|Win32.ActiveCfg = Opt Debug|Win32
		{BA49774B-83A2-4E22-BEBB-B9317C77070E}.Beaconizer|x64.ActiveCfg = Debug|x64
		{BA49774B-83A2-4E22-BEBB-B9317C77070E}.Debug|Win32.ActiveCfg = Debug|Win32
		{BA49774B-83A2-4E22-BEBB-B9317C77070E}.Debug|Win32.Build.0 = Debug|Win32
		{BA49774B-83A2-4E22-BEBB-B9317C77070E}.Debug|x64.ActiveCfg = Debug|x64
		{BA49774B-83A2-4E22-BEBB-B9317C77070E}.Debug|x64.Build.0 = Debug|x64
		{BA49774B-83A2-4E22-BEBB-B9317C77070E}.Full Debug|Win32.ActiveCfg = Full Debug|Win32
		{BA49774B-83A2-4E22-BEBB-B9317C77070E}.Full Debug|Win32.Build.0 = Full Debug|Win32
		{BA49774B-83A2-4E22-BEBB-B9317C77070E}.Full Debug|x64.ActiveCfg = Full Debug|x64
		{BA49774B-83A2-4E22-BEBB-B9317C77070E}.Full Debug|x64.Build.0 = Full Debug|x64
		{BA49774B-83A2-4E22-BEBB-B9317C77070E}.Opt Debug|Win32.ActiveCfg = Opt Debug|Win32
		{BA49774B-83A2-4E22-BEBB-B9317C77070E}.Opt Debug|Win32.Build.0 = Opt Debug|Win32
		{BA49774B-83A2-4E22-BEBB-B9317C77070E}.Opt Debug|x64.ActiveCfg = Opt Debug|x64
		{BA49774B-83A2-4E22-BEBB-B9317C77070E}.Opt Debug|x64.Build.0 = Opt Debug|x64
		{BA49774B-83A2-4E22-BEBB-B9317C77070E}.Release|Win32.ActiveCfg = Release|Win32
		{BA49774B-83A2-4E22-BEBB-B9317C77070E}.Release|Win32.Build.0 = Release|Win32
		{BA49774B-83A2-4E22-BEBB-B9317C77070E}.Release|x64.ActiveCfg = Release|x64
		{BA49774B-83A2-4E22-BEBB-B9317C77070E}.Release|x64.Build.0 = Release|x64
		{BA49774B-83A2-4E22-BEBB-B9317C77070E}.TextClientDebug|Win32.ActiveCfg = Debug|Win32
		{BA49774B-83A2-4E22-BEBB-B9317C77070E}.TextClientDebug|Win32.Build.0 = Debug|Win32
		{BA49774B-83A2-4E22-BEBB-B9317C77070E}.TextClientDebug|x64.ActiveCfg = Debug|x64
		{BA49774B-83A2-4E22-BEBB-B9317C77070E}.TextClientDebug|x64.Build.0 = Debug|x64
		{74241DF3-60F0-44DE-9575-7FA202C511B2}.Beaconizer|Win32.ActiveCfg = Beaconizer|Win32
		{74241DF3-60F0-44DE-9575-7FA202C511B2}.Beaconizer|Win32.Build.0 = Beaconizer|Win32
		{74241DF3-60F0-44DE-9575-7FA202C511B2}.Beaconizer|x64.ActiveCfg = Beaconizer|Win32
		{74241DF3-60F0-44DE-9575-7FA202C511B2}.Debug|Win32.ActiveCfg = Debug|Win32
		{74241DF3-60F0-44DE-9575-7FA202C511B2}.Debug|Win32.Build.0 = Debug|Win32
		{74241DF3-60F0-44DE-9575-7FA202C511B2}.Debug|x64.ActiveCfg = Debug|Win32
		{74241DF3-60F0-44DE-9575-7FA202C511B2}.Full Debug|Win32.ActiveCfg = Full Debug|Win32
		{74241DF3-60F0-44DE-9575-7FA202C511B2}.Full Debug|Win32.Build.0 = Full Debug|Win32
		{74241DF3-60F0-44DE-9575-7FA202C511B2}.Full Debug|x64.ActiveCfg = Full Debug|Win32
		{74241DF3-60F0-44DE-9575-7FA202C511B2}.Opt Debug|Win32.ActiveCfg = Opt Debug|Win32
		{74241DF3-60F0-44DE-9575-7FA202C511B2}.Opt Debug|Win32.Build.0 = Opt Debug|Win32
		{74241DF3-60F0-44DE-9575-7FA202C511B2}.Opt Debug|x64.ActiveCfg = Opt Debug|Win32
		{74241DF3-60F0-44DE-9575-7FA202C511B2}.Release|Win32.ActiveCfg = Release|Win32
		{74241DF3-60F0-44DE-9575-7FA202C511B2}.Release|Win32.Build.0 = Release|Win32
		{74241DF3-60F0-44DE-9575-7FA202C511B2}.Release|x64.ActiveCfg = Release|Win32
		{74241DF3-60F0-44DE-9575-7FA202C511B2}.TextClientDebug|Win32.ActiveCfg = Debug|Win32
		{74241DF3-60F0-44DE-9575-7FA202C511B2}.TextClientDebug|Win32.Build.0 = Debug|Win32
		{74241DF3-60F0-44DE-9575-7FA202C511B2}.TextClientDebug|x64.ActiveCfg = Debug|Win32
		{1268EAD5-20C7-4864-A3CA-FDE8A22ACBC4}.Beaconizer|Win32.ActiveCfg = Opt Debug|Win32
		{1268EAD5-20C7-4864-A3CA-FDE8A22ACBC4}.Beaconizer|x64.ActiveCfg = Debug|x64
		{1268EAD5-20C7-4864-A3CA-FDE8A22ACBC4}.Debug|Win32.ActiveCfg = Debug|Win32
		{1268EAD5-20C7-4864-A3CA-FDE8A22ACBC4}.Debug|Win32.Build.0 = Debug|Win32
		{1268EAD5-20C7-4864-A3CA-FDE8A22ACBC4}.Debug|x64.ActiveCfg = Debug|x64
		{1268EAD5-20C7-4864-A3CA-FDE8A22ACBC4}.Debug|x64.Build.0 = Debug|x64
		{1268EAD5-20C7-4864-A3CA-FDE8A22ACBC4}.Full Debug|Win32.ActiveCfg = Full Debug|Win32
		{1268EAD5-20C7-4864-A3CA-FDE8A22ACBC4}.Full Debug|Win32.Build.0 = Full Debug|Win32
		{1268EAD5-20C7-4864-A3CA-FDE8A22ACBC4}.Full Debug|x64.ActiveCfg = Full Debug|x64
		{1268EAD5-20C7-4864-A3CA-FDE8A22ACBC4}.Full Debug|x64.Build.0 = Full Debug|x64
		{1268EAD5-20C7-4864-A3CA-FDE8A22ACBC4}.Opt Debug|Win32.ActiveCfg = Opt Debug|Win32
		{1268EAD5-20C7-4864-A3CA-FDE8A22ACBC4}.Opt Debug|Win32.Build.0 = Opt Debug|Win32
		{1268EAD5-20C7-4864-A3CA-FDE8A22ACBC4}.Opt Debug|x64.ActiveCfg = Opt Debug|x64
		{1268EAD5-20C7-4864-A3CA-FDE8A22ACBC4}.Opt Debug|x64.Build.0 = Opt Debug|x64
		{1268EAD5-20C7-4864-A3CA-FDE8A22ACBC4}.Release|Win32.ActiveCfg = Release|Win32
		{1268EAD5-20C7-4864-A3CA-FDE8A22ACBC4}.Release|Win32.Build.0 = Release|Win32
		{1268EAD5-20C7-4864-A3CA-FDE8A22ACBC4}.Release|x64.ActiveCfg = Release|x64
		{1268EAD5-20C7-4864-A3CA-FDE8A22ACBC4}.Release|x64.Build.0 = Release|x64
		{1268EAD5-20C7-4864-A3CA-FDE8A22ACBC4}.TextClientDebug|Win32.ActiveCfg = Debug|Win32
		{1268EAD5-20C7-4864-A3CA-FDE8A22ACBC4}.TextClientDebug|Win32.Build.0 = Debug|Win32
		{1268EAD5-20C7-4864-A3CA-FDE8A22ACBC4}.TextClientDebug|x64.ActiveCfg = Debug|x64
		{1268EAD5-20C7-4864-A3CA-FDE8A22ACBC4}.TextClientDebug|x64.Build.0 = Debug|x64
		{64A4FEFE-0461-4E95-8CC1-91EF5F57DBC6}.Beaconizer|Win32.ActiveCfg = Opt Debug|Win32
		{64A4FEFE-0461-4E95-8CC1-91EF5F57DBC6}.Beaconizer|Win32.Build.0 = Opt Debug|Win32
		{64A4FEFE-0461-4E95-8CC1-91EF5F57DBC6}.Beaconizer|x64.ActiveCfg = Debug|x64
		{64A4FEFE-0461-4E95-8CC1-91EF5F57DBC6}.Debug|Win32.ActiveCfg = Debug|Win32
		{64A4FEFE-0461-4E95-8CC1-91EF5F57DBC6}.Debug|Win32.Build.0 = Debug|Win32
		{64A4FEFE-0461-4E95-8CC1-91EF5F57DBC6}.Debug|x64.ActiveCfg = Debug|x64
		{64A4FEFE-0461-4E95-8CC1-91EF5F57DBC6}.Debug|x64.Build.0 = Debug|x64
		{64A4FEFE-0461-4E95-8CC1-91EF5F57DBC6}.Full Debug|Win32.ActiveCfg = Full Debug|Win32
		{64A4FEFE-0461-4E95-8CC1-91EF5F57DBC6}.Full Debug|Win32.Build.0 = Full Debug|Win32
		{64A4FEFE-0461-4E95-8CC1-91EF5F57DBC6}.Full Debug|x64.ActiveCfg = Full Debug|x64
		{64A4FEFE-0461-4E95-8CC1-91EF5F57DBC6}.Full Debug|x64.Build.0 = Full Debug|x64
		{64A4FEFE-0461-4E95-8CC1-91EF5F57DBC6}.Opt Debug|Win32.ActiveCfg = Opt Debug|Win32
		{64A4FEFE-0461-4E95-8CC1-91EF5F57DBC6}.Opt Debug|Win32.Build.0 = Opt Debug|Win32
		{64A4FEFE-0461-4E95-8CC1-91EF5F57DBC6}.Opt Debug|x64.ActiveCfg = Opt Debug|x64
		{64A4FEFE-0461-4E95-8CC1-91EF5F57DBC6}.Opt Debug|x64.Build.0 = Opt Debug|x64
		{64A4FEFE-0461-4E95-8CC1-91EF5F57DBC6}.Release|Win32.ActiveCfg = Release|Win32
		{64A4FEFE-0461-4E95-8CC1-91EF5F57DBC6}.Release|Win32.Build.0 = Release|Win32
		{64A4FEFE-0461-4E95-8CC1-91EF5F57DBC6}.Release|x64.ActiveCfg = Release|x64
		{64A4FEFE-0461-4E95-8CC1-91EF5F57DBC6}.Release|x64.Build.0 = Release|x64
		{64A4FEFE-0461-4E95-8CC1-91EF5F57DBC6}.TextClientDebug|Win32.ActiveCfg = TextClientDebug|Win32
		{64A4FEFE-0461-4E95-8CC1-91EF5F57DBC6}.TextClientDebug|Win32.Build.0 = TextClientDebug|Win32
		{64A4FEFE-0461-4E95-8CC1-91EF5F57DBC6}.TextClientDebug|x64.ActiveCfg = TextClientDebug|x64
		{64A4FEFE-0461-4E95-8CC1-91EF5F57DBC6}.TextClientDebug|x64.Build.0 = TextClientDebug|x64
		{2D44B585-928F-4FFE-A3C8-6ACEBCB6409F}.Beaconizer|Win32.ActiveCfg = Release|Win32
		{2D44B585-928F-4FFE-A3C8-6ACEBCB6409F}.Beaconizer|Win32.Build.0 = Release|Win32
		{2D44B585-928F-4FFE-A3C8-6ACEBCB6409F}.Beaconizer|x64.ActiveCfg = Release|Win32
		{2D44B585-928F-4FFE-A3C8-6ACEBCB6409F}.Beaconizer|x64.Build.0 = Release|Win32
		{2D44B585-928F-4FFE-A3C8-6ACEBCB6409F}.Debug|Win32.ActiveCfg = Debug|Win32
		{2D44B585-928F-4FFE-A3C8-6ACEBCB6409F}.Debug|Win32.Build.0 = Debug|Win32
		{2D44B585-928F-4FFE-A3C8-6ACEBCB6409F}.Debug|x64.ActiveCfg = Debug|Win32
		{2D44B585-928F-4FFE-A3C8-6ACEBCB6409F}.Full Debug|Win32.ActiveCfg = Debug|Win32
		{2D44B585-928F-4FFE-A3C8-6ACEBCB6409F}.Full Debug|Win32.Build.0 = Debug|Win32
		{2D44B585-928F-4FFE-A3C8-6ACEBCB6409F}.Full Debug|x64.ActiveCfg = Release|Win32
		{2D44B585-928F-4FFE-A3C8-6ACEBCB6409F}.Full Debug|x64.Build.0 = Release|Win32
		{2D44B585-928F-4FFE-A3C8-6ACEBCB6409F}.Opt Debug|Win32.ActiveCfg = Debug|Win32
		{2D44B585-928F-4FFE-A3C8-6ACEBCB6409F}.Opt Debug|Win32.Build.0 = Debug|Win32
		{2D44B585-928F-4FFE-A3C8-6ACEBCB6409F}.Opt Debug|x64.ActiveCfg = Release|Win32
		{2D44B585-928F-4FFE-A3C8-6ACEBCB6409F}.Opt Debug|x64.Build.0 = Release|Win32
		{2D44B585-928F-4FFE-A3C8-6ACEBCB6409F}.Release|Win32.ActiveCfg = Release|Win32
		{2D44B585-928F-4FFE-A3C8-6ACEBCB6409F}.Release|Win32.Build.0 = Release|Win32
		{2D44B585-928F-4FFE-A3C8-6ACEBCB6409F}.Release|x64.ActiveCfg = Release|Win32
		{2D44B585-928F-4FFE-A3C8-6ACEBCB6409F}.TextClientDebug|Win32.ActiveCfg = Debug|Win32
		{2D44B585-928F-4FFE-A3C8-6ACEBCB6409F}.TextClientDebug|Win32.Build.0 = Debug|Win32
		{2D44B585-928F-4FFE-A3C8-6ACEBCB6409F}.TextClientDebug|x64.ActiveCfg = Release|Win32
		{2D44B585-928F-4FFE-A3C8-6ACEBCB6409F}.TextClientDebug|x64.Build.0 = Release|Win32
		{745DEC58-EBB3-47A9-A9B8-4C6627C01BF8}.Beaconizer|Win32.ActiveCfg = Release|Win32
		{745DEC58-EBB3-47A9-A9B8-4C6627C01BF8}.Beaconizer|Win32.Build.0 = Release|Win32
		{745DEC58-EBB3-47A9-A9B8-4C6627C01BF8}.Beaconizer|x64.ActiveCfg = Release|x64
		{745DEC58-EBB3-47A9-A9B8-4C6627C01BF8}.Beaconizer|x64.Build.0 = Release|x64
		{745DEC58-EBB3-47A9-A9B8-4C6627C01BF8}.Debug|Win32.ActiveCfg = Debug|Win32
		{745DEC58-EBB3-47A9-A9B8-4C6627C01BF8}.Debug|Win32.Build.0 = Debug|Win32
		{745DEC58-EBB3-47A9-A9B8-4C6627C01BF8}.Debug|x64.ActiveCfg = Debug|x64
		{745DEC58-EBB3-47A9-A9B8-4C6627C01BF8}.Debug|x64.Build.0 = Debug|x64
		{745DEC58-EBB3-47A9-A9B8-4C6627C01BF8}.Full Debug|Win32.ActiveCfg = Debug|Win32
		{745DEC58-EBB3-47A9-A9B8-4C6627C01BF8}.Full Debug|Win32.Build.0 = Debug|Win32
		{745DEC58-EBB3-47A9-A9B8-4C6627C01BF8}.Full Debug|x64.ActiveCfg = Debug|x64
		{745DEC58-EBB3-47A9-A9B8-4C6627C01BF8}.Full Debug|x64.Build.0 = Debug|x64
		{745DEC58-EBB3-47A9-A9B8-4C6627C01BF8}.Opt Debug|Win32.ActiveCfg = Debug|Win32
		{745DEC58-EBB3-47A9-A9B8-4C6627C01BF8}.Opt Debug|Win32.Build.0 = Debug|Win32
		{745DEC58-EBB3-47A9-A9B8-4C6627C01BF8}.Opt Debug|x64.ActiveCfg = Debug|x64
		{745DEC58-EBB3-47A9-A9B8-4C6627C01BF8}.Opt Debug|x64.Build.0 = Debug|x64
		{745DEC58-EBB3-47A9-A9B8-4C6627C01BF8}.Release|Win32.ActiveCfg = Release|Win32
		{745DEC58-EBB3-47A9-A9B8-4C6627C01BF8}.Release|Win32.Build.0 = Release|Win32
		{745DEC58-EBB3-47A9-A9B8-4C6627C01BF8}.Release|x64.ActiveCfg = Release|x64
		{745DEC58-EBB3-47A9-A9B8-4C6627C01BF8}.Release|x64.Build.0 = Release|x64
		{745DEC58-EBB3-47A9-A9B8-4C6627C01BF8}.TextClientDebug|Win32.ActiveCfg = Debug|Win32
		{745DEC58-EBB3-47A9-A9B8-4C6627C01BF8}.TextClientDebug|Win32.Build.0 = Debug|Win32
		{745DEC58-EBB3-47A9-A9B8-4C6627C01BF8}.TextClientDebug|x64.ActiveCfg = Debug|x64
		{745DEC58-EBB3-47A9-A9B8-4C6627C01BF8}.TextClientDebug|x64.Build.0 = Debug|x64
		{A4B81847-B9B2-4766-A203-F28567E053CF}.Beaconizer|Win32.ActiveCfg = Release|Win32
		{A4B81847-B9B2-4766-A203-F28567E053CF}.Beaconizer|Win32.Build.0 = Release|Win32
		{A4B81847-B9B2-4766-A203-F28567E053CF}.Beaconizer|x64.ActiveCfg = Release|x64
		{A4B81847-B9B2-4766-A203-F28567E053CF}.Beaconizer|x64.Build.0 = Release|x64
		{A4B81847-B9B2-4766-A203-F28567E053CF}.Debug|Win32.ActiveCfg = Debug|Win32
		{A4B81847-B9B2-4766-A203-F28567E053CF}.Debug|Win32.Build.0 = Debug|Win32
		{A4B81847-B9B2-4766-A203-F28567E053CF}.Debug|x64.ActiveCfg = Debug|x64
		{A4B81847-B9B2-4766-A203-F28567E053CF}.Debug|x64.Build.0 = Debug|x64
		{A4B81847-B9B2-4766-A203-F28567E053CF}.Full Debug|Win32.ActiveCfg = Debug|Win32
		{A4B81847-B9B2-4766-A203-F28567E053CF}.Full Debug|Win32.Build.0 = Debug|Win32
		{A4B81847-B9B2-4766-A203-F28567E053CF}.Full Debug|x64.ActiveCfg = Debug|x64
		{A4B81847-B9B2-4766-A203-F28567E053CF}.Full Debug|x64.Build.0 = Debug|x64
		{A4B81847-B9B2-4766-A203-F28567E053CF}.Opt Debug|Win32.ActiveCfg = Debug|Win32
		{A4B81847-B9B2-4766-A203-F28567E053CF}.Opt Debug|Win32.Build.0 = Debug|Win32
		{A4B81847-B9B2-4766-A203-F28567E053CF}.Opt Debug|x64.ActiveCfg = Debug|x64
		{A4B81847-B9B2-4766-A203-F28567E053CF}.Opt Debug|x64.Build.0 = Debug|x64
		{A4B81847-B9B2-4766-A203-F28567E053CF}.Release|Win32.ActiveCfg = Release|Win32
		{A4B81847-B9B2-4766-A203-F28567E053CF}.Release|Win32.Build.0 = Release|Win32
		{A4B81847-B9B2-4766-A203-F28567E053CF}.Release|x64.ActiveCfg = Release|x64
		{A4B81847-B9B2-4766-A203-F28567E053CF}.Release|x64.Build.0 = Release|x64
		{A4B81847-B9B2-4766-A203-F28567E053CF}.TextClientDebug|Win32.ActiveCfg = Debug|Win32
		{A4B81847-B9B2-4766-A203-F28567E053CF}.TextClientDebug|Win32.Build.0 = Debug|Win32
		{A4B81847-B9B2-4766-A203-F28567E053CF}.TextClientDebug|x64.ActiveCfg = Debug|x64
		{A4B81847-B9B2-4766-A203-F28567E053CF}.TextClientDebug|x64.Build.0 = Debug|x64
	EndGlobalSection
	GlobalSection(SolutionProperties) = preSolution
		HideSolutionNode = FALSE
	EndGlobalSection
	GlobalSection(ExtensibilityGlobals) = postSolution
		SolutionGuid = {7750FBC2-6AAF-4F96-8B7D-2A12E915A88C}
	EndGlobalSection
EndGlobal
